
Microsoft Visual Studio Solution File, Format Version 12.00
# Visual Studio Version 17
VisualStudioVersion = 17.7.34202.233
MinimumVisualStudioVersion = 10.0.40219.1
Project("{9A19103F-16F7-4668-BE54-9A1E7A4F7556}") = "TermPaper_OOP", "TermPaper_OOP\TermPaper_OOP.csproj", "{6D12E312-CB91-4D93-AA92-A12FCEEDE70C}"
	ProjectSection(ProjectDependencies) = postProject
		{3C2C7051-C130-4A92-A516-DC8635AD749A} = {3C2C7051-C130-4A92-A516-DC8635AD749A}
	EndProjectSection
EndProject
Project("{FAE04EC0-301F-11D3-BF4B-00C04F79EFBC}") = "TermLibrary", "TermLibrary\TermLibrary.csproj", "{3C2C7051-C130-4A92-A516-DC8635AD749A}"
EndProject
Global
	GlobalSection(SolutionConfigurationPlatforms) = preSolution
		Debug|Any CPU = Debug|Any CPU
		Release|Any CPU = Release|Any CPU
	EndGlobalSection
	GlobalSection(ProjectConfigurationPlatforms) = postSolution
		{6D12E312-CB91-4D93-AA92-A12FCEEDE70C}.Debug|Any CPU.ActiveCfg = Debug|Any CPU
		{6D12E312-CB91-4D93-AA92-A12FCEEDE70C}.Debug|Any CPU.Build.0 = Debug|Any CPU
		{6D12E312-CB91-4D93-AA92-A12FCEEDE70C}.Release|Any CPU.ActiveCfg = Release|Any CPU
		{6D12E312-CB91-4D93-AA92-A12FCEEDE70C}.Release|Any CPU.Build.0 = Release|Any CPU
		{3C2C7051-C130-4A92-A516-DC8635AD749A}.Debug|Any CPU.ActiveCfg = Debug|Any CPU
		{3C2C7051-C130-4A92-A516-DC8635AD749A}.Debug|Any CPU.Build.0 = Debug|Any CPU
		{3C2C7051-C130-4A92-A516-DC8635AD749A}.Release|Any CPU.ActiveCfg = Release|Any CPU
		{3C2C7051-C130-4A92-A516-DC8635AD749A}.Release|Any CPU.Build.0 = Release|Any CPU
	EndGlobalSection
	GlobalSection(SolutionProperties) = preSolution
		HideSolutionNode = FALSE
	EndGlobalSection
	GlobalSection(ExtensibilityGlobals) = postSolution
		SolutionGuid = {10F19CE8-8CC3-43E5-953A-203C37034F50}
	EndGlobalSection
EndGlobal
